
Microsoft Visual Studio Solution File, Format Version 12.00
# Visual Studio Version 16
VisualStudioVersion = 16.0.30011.22
MinimumVisualStudioVersion = 10.0.40219.1
Project("{FAE04EC0-301F-11D3-BF4B-00C04F79EFBC}") = "Delivery.UWP", "Delivery\Delivery.UWP\Delivery.UWP.csproj", "{7079980C-43F0-4F44-961C-B16DD8C80BC9}"
EndProject
Project("{FAE04EC0-301F-11D3-BF4B-00C04F79EFBC}") = "Delivery.Android", "Delivery\Delivery.Android\Delivery.Android.csproj", "{AA76FE79-71DE-48C9-9307-F65C54E55D67}"
EndProject
Project("{FAE04EC0-301F-11D3-BF4B-00C04F79EFBC}") = "Delivery.iOS", "Delivery\Delivery.iOS\Delivery.iOS.csproj", "{8E90C06A-CD38-4D58-B18F-B10362841962}"
EndProject
Project("{9A19103F-16F7-4668-BE54-9A1E7A4F7556}") = "Delivery", "Delivery\Delivery\Delivery.csproj", "{1F751AC2-429C-4D84-8AE0-3EA3EEEAB923}"
EndProject
Project("{9A19103F-16F7-4668-BE54-9A1E7A4F7556}") = "Delivery_Entidades", "Delivery_Entidades\Delivery_Entidades.csproj", "{06F4B6E0-D618-4E14-95DA-F6E9FC2AEF72}"
EndProject
Project("{9A19103F-16F7-4668-BE54-9A1E7A4F7556}") = "Delivery_Datos", "Delivery_Datos\Delivery_Datos.csproj", "{0E199FEC-8CC1-4E59-826B-929E46793FFA}"
EndProject
Project("{9A19103F-16F7-4668-BE54-9A1E7A4F7556}") = "Delivery_Dtos", "Delivery_Dtos\Delivery_Dtos.csproj", "{6CE16CD9-C75C-4916-BB58-0E6C446A68B2}"
EndProject
Project("{9A19103F-16F7-4668-BE54-9A1E7A4F7556}") = "DeliveryWebApi", "DeliveryWebApi\DeliveryWebApi.csproj", "{40DAE8F1-1076-4A3E-B193-5B6B2C5E0CE9}"
EndProject
Project("{FAE04EC0-301F-11D3-BF4B-00C04F79EFBC}") = "ClassLibrary1", "ClassLibrary1\ClassLibrary1.csproj", "{94F0C71B-7236-4708-B3E3-214AE8910B0A}"
EndProject
Global
	GlobalSection(SolutionConfigurationPlatforms) = preSolution
		Debug|Any CPU = Debug|Any CPU
		Debug|ARM = Debug|ARM
		Debug|iPhone = Debug|iPhone
		Debug|iPhoneSimulator = Debug|iPhoneSimulator
		Debug|x64 = Debug|x64
		Debug|x86 = Debug|x86
		Release|Any CPU = Release|Any CPU
		Release|ARM = Release|ARM
		Release|iPhone = Release|iPhone
		Release|iPhoneSimulator = Release|iPhoneSimulator
		Release|x64 = Release|x64
		Release|x86 = Release|x86
	EndGlobalSection
	GlobalSection(ProjectConfigurationPlatforms) = postSolution
		{7079980C-43F0-4F44-961C-B16DD8C80BC9}.Debug|Any CPU.ActiveCfg = Debug|x86
		{7079980C-43F0-4F44-961C-B16DD8C80BC9}.Debug|Any CPU.Build.0 = Debug|x86
		{7079980C-43F0-4F44-961C-B16DD8C80BC9}.Debug|Any CPU.Deploy.0 = Debug|x86
		{7079980C-43F0-4F44-961C-B16DD8C80BC9}.Debug|ARM.ActiveCfg = Debug|ARM
		{7079980C-43F0-4F44-961C-B16DD8C80BC9}.Debug|ARM.Build.0 = Debug|ARM
		{7079980C-43F0-4F44-961C-B16DD8C80BC9}.Debug|ARM.Deploy.0 = Debug|ARM
		{7079980C-43F0-4F44-961C-B16DD8C80BC9}.Debug|iPhone.ActiveCfg = Debug|x86
		{7079980C-43F0-4F44-961C-B16DD8C80BC9}.Debug|iPhone.Build.0 = Debug|x86
		{7079980C-43F0-4F44-961C-B16DD8C80BC9}.Debug|iPhone.Deploy.0 = Debug|x86
		{7079980C-43F0-4F44-961C-B16DD8C80BC9}.Debug|iPhoneSimulator.ActiveCfg = Debug|x86
		{7079980C-43F0-4F44-961C-B16DD8C80BC9}.Debug|iPhoneSimulator.Build.0 = Debug|x86
		{7079980C-43F0-4F44-961C-B16DD8C80BC9}.Debug|iPhoneSimulator.Deploy.0 = Debug|x86
		{7079980C-43F0-4F44-961C-B16DD8C80BC9}.Debug|x64.ActiveCfg = Debug|x64
		{7079980C-43F0-4F44-961C-B16DD8C80BC9}.Debug|x64.Build.0 = Debug|x64
		{7079980C-43F0-4F44-961C-B16DD8C80BC9}.Debug|x64.Deploy.0 = Debug|x64
		{7079980C-43F0-4F44-961C-B16DD8C80BC9}.Debug|x86.ActiveCfg = Debug|x86
		{7079980C-43F0-4F44-961C-B16DD8C80BC9}.Debug|x86.Build.0 = Debug|x86
		{7079980C-43F0-4F44-961C-B16DD8C80BC9}.Debug|x86.Deploy.0 = Debug|x86
		{7079980C-43F0-4F44-961C-B16DD8C80BC9}.Release|Any CPU.ActiveCfg = Release|x86
		{7079980C-43F0-4F44-961C-B16DD8C80BC9}.Release|Any CPU.Build.0 = Release|x86
		{7079980C-43F0-4F44-961C-B16DD8C80BC9}.Release|Any CPU.Deploy.0 = Release|x86
		{7079980C-43F0-4F44-961C-B16DD8C80BC9}.Release|ARM.ActiveCfg = Release|ARM
		{7079980C-43F0-4F44-961C-B16DD8C80BC9}.Release|ARM.Build.0 = Release|ARM
		{7079980C-43F0-4F44-961C-B16DD8C80BC9}.Release|ARM.Deploy.0 = Release|ARM
		{7079980C-43F0-4F44-961C-B16DD8C80BC9}.Release|iPhone.ActiveCfg = Release|x86
		{7079980C-43F0-4F44-961C-B16DD8C80BC9}.Release|iPhone.Build.0 = Release|x86
		{7079980C-43F0-4F44-961C-B16DD8C80BC9}.Release|iPhone.Deploy.0 = Release|x86
		{7079980C-43F0-4F44-961C-B16DD8C80BC9}.Release|iPhoneSimulator.ActiveCfg = Release|x86
		{7079980C-43F0-4F44-961C-B16DD8C80BC9}.Release|iPhoneSimulator.Build.0 = Release|x86
		{7079980C-43F0-4F44-961C-B16DD8C80BC9}.Release|iPhoneSimulator.Deploy.0 = Release|x86
		{7079980C-43F0-4F44-961C-B16DD8C80BC9}.Release|x64.ActiveCfg = Release|x64
		{7079980C-43F0-4F44-961C-B16DD8C80BC9}.Release|x64.Build.0 = Release|x64
		{7079980C-43F0-4F44-961C-B16DD8C80BC9}.Release|x64.Deploy.0 = Release|x64
		{7079980C-43F0-4F44-961C-B16DD8C80BC9}.Release|x86.ActiveCfg = Release|x86
		{7079980C-43F0-4F44-961C-B16DD8C80BC9}.Release|x86.Build.0 = Release|x86
		{7079980C-43F0-4F44-961C-B16DD8C80BC9}.Release|x86.Deploy.0 = Release|x86
		{AA76FE79-71DE-48C9-9307-F65C54E55D67}.Debug|Any CPU.ActiveCfg = Debug|Any CPU
		{AA76FE79-71DE-48C9-9307-F65C54E55D67}.Debug|Any CPU.Build.0 = Debug|Any CPU
		{AA76FE79-71DE-48C9-9307-F65C54E55D67}.Debug|Any CPU.Deploy.0 = Debug|Any CPU
		{AA76FE79-71DE-48C9-9307-F65C54E55D67}.Debug|ARM.ActiveCfg = Debug|Any CPU
		{AA76FE79-71DE-48C9-9307-F65C54E55D67}.Debug|ARM.Build.0 = Debug|Any CPU
		{AA76FE79-71DE-48C9-9307-F65C54E55D67}.Debug|ARM.Deploy.0 = Debug|Any CPU
		{AA76FE79-71DE-48C9-9307-F65C54E55D67}.Debug|iPhone.ActiveCfg = Debug|Any CPU
		{AA76FE79-71DE-48C9-9307-F65C54E55D67}.Debug|iPhone.Build.0 = Debug|Any CPU
		{AA76FE79-71DE-48C9-9307-F65C54E55D67}.Debug|iPhone.Deploy.0 = Debug|Any CPU
		{AA76FE79-71DE-48C9-9307-F65C54E55D67}.Debug|iPhoneSimulator.ActiveCfg = Debug|Any CPU
		{AA76FE79-71DE-48C9-9307-F65C54E55D67}.Debug|iPhoneSimulator.Build.0 = Debug|Any CPU
		{AA76FE79-71DE-48C9-9307-F65C54E55D67}.Debug|iPhoneSimulator.Deploy.0 = Debug|Any CPU
		{AA76FE79-71DE-48C9-9307-F65C54E55D67}.Debug|x64.ActiveCfg = Debug|Any CPU
		{AA76FE79-71DE-48C9-9307-F65C54E55D67}.Debug|x64.Build.0 = Debug|Any CPU
		{AA76FE79-71DE-48C9-9307-F65C54E55D67}.Debug|x64.Deploy.0 = Debug|Any CPU
		{AA76FE79-71DE-48C9-9307-F65C54E55D67}.Debug|x86.ActiveCfg = Debug|Any CPU
		{AA76FE79-71DE-48C9-9307-F65C54E55D67}.Debug|x86.Build.0 = Debug|Any CPU
		{AA76FE79-71DE-48C9-9307-F65C54E55D67}.Debug|x86.Deploy.0 = Debug|Any CPU
		{AA76FE79-71DE-48C9-9307-F65C54E55D67}.Release|Any CPU.ActiveCfg = Release|Any CPU
		{AA76FE79-71DE-48C9-9307-F65C54E55D67}.Release|Any CPU.Build.0 = Release|Any CPU
		{AA76FE79-71DE-48C9-9307-F65C54E55D67}.Release|Any CPU.Deploy.0 = Release|Any CPU
		{AA76FE79-71DE-48C9-9307-F65C54E55D67}.Release|ARM.ActiveCfg = Release|Any CPU
		{AA76FE79-71DE-48C9-9307-F65C54E55D67}.Release|ARM.Build.0 = Release|Any CPU
		{AA76FE79-71DE-48C9-9307-F65C54E55D67}.Release|ARM.Deploy.0 = Release|Any CPU
		{AA76FE79-71DE-48C9-9307-F65C54E55D67}.Release|iPhone.ActiveCfg = Release|Any CPU
		{AA76FE79-71DE-48C9-9307-F65C54E55D67}.Release|iPhone.Build.0 = Release|Any CPU
		{AA76FE79-71DE-48C9-9307-F65C54E55D67}.Release|iPhone.Deploy.0 = Release|Any CPU
		{AA76FE79-71DE-48C9-9307-F65C54E55D67}.Release|iPhoneSimulator.ActiveCfg = Release|Any CPU
		{AA76FE79-71DE-48C9-9307-F65C54E55D67}.Release|iPhoneSimulator.Build.0 = Release|Any CPU
		{AA76FE79-71DE-48C9-9307-F65C54E55D67}.Release|iPhoneSimulator.Deploy.0 = Release|Any CPU
		{AA76FE79-71DE-48C9-9307-F65C54E55D67}.Release|x64.ActiveCfg = Release|Any CPU
		{AA76FE79-71DE-48C9-9307-F65C54E55D67}.Release|x64.Build.0 = Release|Any CPU
		{AA76FE79-71DE-48C9-9307-F65C54E55D67}.Release|x64.Deploy.0 = Release|Any CPU
		{AA76FE79-71DE-48C9-9307-F65C54E55D67}.Release|x86.ActiveCfg = Release|Any CPU
		{AA76FE79-71DE-48C9-9307-F65C54E55D67}.Release|x86.Build.0 = Release|Any CPU
		{AA76FE79-71DE-48C9-9307-F65C54E55D67}.Release|x86.Deploy.0 = Release|Any CPU
		{8E90C06A-CD38-4D58-B18F-B10362841962}.Debug|Any CPU.ActiveCfg = Debug|iPhone
		{8E90C06A-CD38-4D58-B18F-B10362841962}.Debug|Any CPU.Build.0 = Debug|iPhone
		{8E90C06A-CD38-4D58-B18F-B10362841962}.Debug|Any CPU.Deploy.0 = Debug|iPhone
		{8E90C06A-CD38-4D58-B18F-B10362841962}.Debug|ARM.ActiveCfg = Debug|iPhone
		{8E90C06A-CD38-4D58-B18F-B10362841962}.Debug|ARM.Build.0 = Debug|iPhone
		{8E90C06A-CD38-4D58-B18F-B10362841962}.Debug|ARM.Deploy.0 = Debug|iPhone
		{8E90C06A-CD38-4D58-B18F-B10362841962}.Debug|iPhone.ActiveCfg = Debug|iPhone
		{8E90C06A-CD38-4D58-B18F-B10362841962}.Debug|iPhone.Build.0 = Debug|iPhone
		{8E90C06A-CD38-4D58-B18F-B10362841962}.Debug|iPhone.Deploy.0 = Debug|iPhone
		{8E90C06A-CD38-4D58-B18F-B10362841962}.Debug|iPhoneSimulator.ActiveCfg = Debug|iPhoneSimulator
		{8E90C06A-CD38-4D58-B18F-B10362841962}.Debug|iPhoneSimulator.Build.0 = Debug|iPhoneSimulator
		{8E90C06A-CD38-4D58-B18F-B10362841962}.Debug|iPhoneSimulator.Deploy.0 = Debug|iPhoneSimulator
		{8E90C06A-CD38-4D58-B18F-B10362841962}.Debug|x64.ActiveCfg = Debug|iPhone
		{8E90C06A-CD38-4D58-B18F-B10362841962}.Debug|x64.Build.0 = Debug|iPhone
		{8E90C06A-CD38-4D58-B18F-B10362841962}.Debug|x64.Deploy.0 = Debug|iPhone
		{8E90C06A-CD38-4D58-B18F-B10362841962}.Debug|x86.ActiveCfg = Debug|iPhone
		{8E90C06A-CD38-4D58-B18F-B10362841962}.Debug|x86.Build.0 = Debug|iPhone
		{8E90C06A-CD38-4D58-B18F-B10362841962}.Debug|x86.Deploy.0 = Debug|iPhone
		{8E90C06A-CD38-4D58-B18F-B10362841962}.Release|Any CPU.ActiveCfg = Release|iPhone
		{8E90C06A-CD38-4D58-B18F-B10362841962}.Release|Any CPU.Build.0 = Release|iPhone
		{8E90C06A-CD38-4D58-B18F-B10362841962}.Release|Any CPU.Deploy.0 = Release|iPhone
		{8E90C06A-CD38-4D58-B18F-B10362841962}.Release|ARM.ActiveCfg = Release|iPhone
		{8E90C06A-CD38-4D58-B18F-B10362841962}.Release|ARM.Build.0 = Release|iPhone
		{8E90C06A-CD38-4D58-B18F-B10362841962}.Release|ARM.Deploy.0 = Release|iPhone
		{8E90C06A-CD38-4D58-B18F-B10362841962}.Release|iPhone.ActiveCfg = Release|iPhone
		{8E90C06A-CD38-4D58-B18F-B10362841962}.Release|iPhone.Build.0 = Release|iPhone
		{8E90C06A-CD38-4D58-B18F-B10362841962}.Release|iPhone.Deploy.0 = Release|iPhone
		{8E90C06A-CD38-4D58-B18F-B10362841962}.Release|iPhoneSimulator.ActiveCfg = Release|iPhoneSimulator
		{8E90C06A-CD38-4D58-B18F-B10362841962}.Release|iPhoneSimulator.Build.0 = Release|iPhoneSimulator
		{8E90C06A-CD38-4D58-B18F-B10362841962}.Release|iPhoneSimulator.Deploy.0 = Release|iPhoneSimulator
		{8E90C06A-CD38-4D58-B18F-B10362841962}.Release|x64.ActiveCfg = Release|iPhone
		{8E90C06A-CD38-4D58-B18F-B10362841962}.Release|x64.Build.0 = Release|iPhone
		{8E90C06A-CD38-4D58-B18F-B10362841962}.Release|x64.Deploy.0 = Release|iPhone
		{8E90C06A-CD38-4D58-B18F-B10362841962}.Release|x86.ActiveCfg = Release|iPhone
		{8E90C06A-CD38-4D58-B18F-B10362841962}.Release|x86.Build.0 = Release|iPhone
		{8E90C06A-CD38-4D58-B18F-B10362841962}.Release|x86.Deploy.0 = Release|iPhone
		{1F751AC2-429C-4D84-8AE0-3EA3EEEAB923}.Debug|Any CPU.ActiveCfg = Debug|Any CPU
		{1F751AC2-429C-4D84-8AE0-3EA3EEEAB923}.Debug|Any CPU.Build.0 = Debug|Any CPU
		{1F751AC2-429C-4D84-8AE0-3EA3EEEAB923}.Debug|Any CPU.Deploy.0 = Debug|Any CPU
		{1F751AC2-429C-4D84-8AE0-3EA3EEEAB923}.Debug|ARM.ActiveCfg = Debug|Any CPU
		{1F751AC2-429C-4D84-8AE0-3EA3EEEAB923}.Debug|ARM.Build.0 = Debug|Any CPU
		{1F751AC2-429C-4D84-8AE0-3EA3EEEAB923}.Debug|ARM.Deploy.0 = Debug|Any CPU
		{1F751AC2-429C-4D84-8AE0-3EA3EEEAB923}.Debug|iPhone.ActiveCfg = Debug|Any CPU
		{1F751AC2-429C-4D84-8AE0-3EA3EEEAB923}.Debug|iPhone.Build.0 = Debug|Any CPU
		{1F751AC2-429C-4D84-8AE0-3EA3EEEAB923}.Debug|iPhone.Deploy.0 = Debug|Any CPU
		{1F751AC2-429C-4D84-8AE0-3EA3EEEAB923}.Debug|iPhoneSimulator.ActiveCfg = Debug|Any CPU
		{1F751AC2-429C-4D84-8AE0-3EA3EEEAB923}.Debug|iPhoneSimulator.Build.0 = Debug|Any CPU
		{1F751AC2-429C-4D84-8AE0-3EA3EEEAB923}.Debug|iPhoneSimulator.Deploy.0 = Debug|Any CPU
		{1F751AC2-429C-4D84-8AE0-3EA3EEEAB923}.Debug|x64.ActiveCfg = Debug|Any CPU
		{1F751AC2-429C-4D84-8AE0-3EA3EEEAB923}.Debug|x64.Build.0 = Debug|Any CPU
		{1F751AC2-429C-4D84-8AE0-3EA3EEEAB923}.Debug|x64.Deploy.0 = Debug|Any CPU
		{1F751AC2-429C-4D84-8AE0-3EA3EEEAB923}.Debug|x86.ActiveCfg = Debug|Any CPU
		{1F751AC2-429C-4D84-8AE0-3EA3EEEAB923}.Debug|x86.Build.0 = Debug|Any CPU
		{1F751AC2-429C-4D84-8AE0-3EA3EEEAB923}.Debug|x86.Deploy.0 = Debug|Any CPU
		{1F751AC2-429C-4D84-8AE0-3EA3EEEAB923}.Release|Any CPU.ActiveCfg = Release|Any CPU
		{1F751AC2-429C-4D84-8AE0-3EA3EEEAB923}.Release|Any CPU.Build.0 = Release|Any CPU
		{1F751AC2-429C-4D84-8AE0-3EA3EEEAB923}.Release|Any CPU.Deploy.0 = Release|Any CPU
		{1F751AC2-429C-4D84-8AE0-3EA3EEEAB923}.Release|ARM.ActiveCfg = Release|Any CPU
		{1F751AC2-429C-4D84-8AE0-3EA3EEEAB923}.Release|ARM.Build.0 = Release|Any CPU
		{1F751AC2-429C-4D84-8AE0-3EA3EEEAB923}.Release|ARM.Deploy.0 = Release|Any CPU
		{1F751AC2-429C-4D84-8AE0-3EA3EEEAB923}.Release|iPhone.ActiveCfg = Release|Any CPU
		{1F751AC2-429C-4D84-8AE0-3EA3EEEAB923}.Release|iPhone.Build.0 = Release|Any CPU
		{1F751AC2-429C-4D84-8AE0-3EA3EEEAB923}.Release|iPhone.Deploy.0 = Release|Any CPU
		{1F751AC2-429C-4D84-8AE0-3EA3EEEAB923}.Release|iPhoneSimulator.ActiveCfg = Release|Any CPU
		{1F751AC2-429C-4D84-8AE0-3EA3EEEAB923}.Release|iPhoneSimulator.Build.0 = Release|Any CPU
		{1F751AC2-429C-4D84-8AE0-3EA3EEEAB923}.Release|iPhoneSimulator.Deploy.0 = Release|Any CPU
		{1F751AC2-429C-4D84-8AE0-3EA3EEEAB923}.Release|x64.ActiveCfg = Release|Any CPU
		{1F751AC2-429C-4D84-8AE0-3EA3EEEAB923}.Release|x64.Build.0 = Release|Any CPU
		{1F751AC2-429C-4D84-8AE0-3EA3EEEAB923}.Release|x64.Deploy.0 = Release|Any CPU
		{1F751AC2-429C-4D84-8AE0-3EA3EEEAB923}.Release|x86.ActiveCfg = Release|Any CPU
		{1F751AC2-429C-4D84-8AE0-3EA3EEEAB923}.Release|x86.Build.0 = Release|Any CPU
		{1F751AC2-429C-4D84-8AE0-3EA3EEEAB923}.Release|x86.Deploy.0 = Release|Any CPU
		{06F4B6E0-D618-4E14-95DA-F6E9FC2AEF72}.Debug|Any CPU.ActiveCfg = Debug|Any CPU
		{06F4B6E0-D618-4E14-95DA-F6E9FC2AEF72}.Debug|Any CPU.Build.0 = Debug|Any CPU
		{06F4B6E0-D618-4E14-95DA-F6E9FC2AEF72}.Debug|ARM.ActiveCfg = Debug|Any CPU
		{06F4B6E0-D618-4E14-95DA-F6E9FC2AEF72}.Debug|ARM.Build.0 = Debug|Any CPU
		{06F4B6E0-D618-4E14-95DA-F6E9FC2AEF72}.Debug|iPhone.ActiveCfg = Debug|Any CPU
		{06F4B6E0-D618-4E14-95DA-F6E9FC2AEF72}.Debug|iPhone.Build.0 = Debug|Any CPU
		{06F4B6E0-D618-4E14-95DA-F6E9FC2AEF72}.Debug|iPhoneSimulator.ActiveCfg = Debug|Any CPU
		{06F4B6E0-D618-4E14-95DA-F6E9FC2AEF72}.Debug|iPhoneSimulator.Build.0 = Debug|Any CPU
		{06F4B6E0-D618-4E14-95DA-F6E9FC2AEF72}.Debug|x64.ActiveCfg = Debug|Any CPU
		{06F4B6E0-D618-4E14-95DA-F6E9FC2AEF72}.Debug|x64.Build.0 = Debug|Any CPU
		{06F4B6E0-D618-4E14-95DA-F6E9FC2AEF72}.Debug|x86.ActiveCfg = Debug|Any CPU
		{06F4B6E0-D618-4E14-95DA-F6E9FC2AEF72}.Debug|x86.Build.0 = Debug|Any CPU
		{06F4B6E0-D618-4E14-95DA-F6E9FC2AEF72}.Release|Any CPU.ActiveCfg = Release|Any CPU
		{06F4B6E0-D618-4E14-95DA-F6E9FC2AEF72}.Release|Any CPU.Build.0 = Release|Any CPU
		{06F4B6E0-D618-4E14-95DA-F6E9FC2AEF72}.Release|ARM.ActiveCfg = Release|Any CPU
		{06F4B6E0-D618-4E14-95DA-F6E9FC2AEF72}.Release|ARM.Build.0 = Release|Any CPU
		{06F4B6E0-D618-4E14-95DA-F6E9FC2AEF72}.Release|iPhone.ActiveCfg = Release|Any CPU
		{06F4B6E0-D618-4E14-95DA-F6E9FC2AEF72}.Release|iPhone.Build.0 = Release|Any CPU
		{06F4B6E0-D618-4E14-95DA-F6E9FC2AEF72}.Release|iPhoneSimulator.ActiveCfg = Release|Any CPU
		{06F4B6E0-D618-4E14-95DA-F6E9FC2AEF72}.Release|iPhoneSimulator.Build.0 = Release|Any CPU
		{06F4B6E0-D618-4E14-95DA-F6E9FC2AEF72}.Release|x64.ActiveCfg = Release|Any CPU
		{06F4B6E0-D618-4E14-95DA-F6E9FC2AEF72}.Release|x64.Build.0 = Release|Any CPU
		{06F4B6E0-D618-4E14-95DA-F6E9FC2AEF72}.Release|x86.ActiveCfg = Release|Any CPU
		{06F4B6E0-D618-4E14-95DA-F6E9FC2AEF72}.Release|x86.Build.0 = Release|Any CPU
		{0E199FEC-8CC1-4E59-826B-929E46793FFA}.Debug|Any CPU.ActiveCfg = Debug|Any CPU
		{0E199FEC-8CC1-4E59-826B-929E46793FFA}.Debug|Any CPU.Build.0 = Debug|Any CPU
		{0E199FEC-8CC1-4E59-826B-929E46793FFA}.Debug|ARM.ActiveCfg = Debug|Any CPU
		{0E199FEC-8CC1-4E59-826B-929E46793FFA}.Debug|ARM.Build.0 = Debug|Any CPU
		{0E199FEC-8CC1-4E59-826B-929E46793FFA}.Debug|iPhone.ActiveCfg = Debug|Any CPU
		{0E199FEC-8CC1-4E59-826B-929E46793FFA}.Debug|iPhone.Build.0 = Debug|Any CPU
		{0E199FEC-8CC1-4E59-826B-929E46793FFA}.Debug|iPhoneSimulator.ActiveCfg = Debug|Any CPU
		{0E199FEC-8CC1-4E59-826B-929E46793FFA}.Debug|iPhoneSimulator.Build.0 = Debug|Any CPU
		{0E199FEC-8CC1-4E59-826B-929E46793FFA}.Debug|x64.ActiveCfg = Debug|Any CPU
		{0E199FEC-8CC1-4E59-826B-929E46793FFA}.Debug|x64.Build.0 = Debug|Any CPU
		{0E199FEC-8CC1-4E59-826B-929E46793FFA}.Debug|x86.ActiveCfg = Debug|Any CPU
		{0E199FEC-8CC1-4E59-826B-929E46793FFA}.Debug|x86.Build.0 = Debug|Any CPU
		{0E199FEC-8CC1-4E59-826B-929E46793FFA}.Release|Any CPU.ActiveCfg = Release|Any CPU
		{0E199FEC-8CC1-4E59-826B-929E46793FFA}.Release|Any CPU.Build.0 = Release|Any CPU
		{0E199FEC-8CC1-4E59-826B-929E46793FFA}.Release|ARM.ActiveCfg = Release|Any CPU
		{0E199FEC-8CC1-4E59-826B-929E46793FFA}.Release|ARM.Build.0 = Release|Any CPU
		{0E199FEC-8CC1-4E59-826B-929E46793FFA}.Release|iPhone.ActiveCfg = Release|Any CPU
		{0E199FEC-8CC1-4E59-826B-929E46793FFA}.Release|iPhone.Build.0 = Release|Any CPU
		{0E199FEC-8CC1-4E59-826B-929E46793FFA}.Release|iPhoneSimulator.ActiveCfg = Release|Any CPU
		{0E199FEC-8CC1-4E59-826B-929E46793FFA}.Release|iPhoneSimulator.Build.0 = Release|Any CPU
		{0E199FEC-8CC1-4E59-826B-929E46793FFA}.Release|x64.ActiveCfg = Release|Any CPU
		{0E199FEC-8CC1-4E59-826B-929E46793FFA}.Release|x64.Build.0 = Release|Any CPU
		{0E199FEC-8CC1-4E59-826B-929E46793FFA}.Release|x86.ActiveCfg = Release|Any CPU
		{0E199FEC-8CC1-4E59-826B-929E46793FFA}.Release|x86.Build.0 = Release|Any CPU
		{6CE16CD9-C75C-4916-BB58-0E6C446A68B2}.Debug|Any CPU.ActiveCfg = Debug|Any CPU
		{6CE16CD9-C75C-4916-BB58-0E6C446A68B2}.Debug|Any CPU.Build.0 = Debug|Any CPU
		{6CE16CD9-C75C-4916-BB58-0E6C446A68B2}.Debug|ARM.ActiveCfg = Debug|Any CPU
		{6CE16CD9-C75C-4916-BB58-0E6C446A68B2}.Debug|ARM.Build.0 = Debug|Any CPU
		{6CE16CD9-C75C-4916-BB58-0E6C446A68B2}.Debug|iPhone.ActiveCfg = Debug|Any CPU
		{6CE16CD9-C75C-4916-BB58-0E6C446A68B2}.Debug|iPhone.Build.0 = Debug|Any CPU
		{6CE16CD9-C75C-4916-BB58-0E6C446A68B2}.Debug|iPhoneSimulator.ActiveCfg = Debug|Any CPU
		{6CE16CD9-C75C-4916-BB58-0E6C446A68B2}.Debug|iPhoneSimulator.Build.0 = Debug|Any CPU
		{6CE16CD9-C75C-4916-BB58-0E6C446A68B2}.Debug|x64.ActiveCfg = Debug|Any CPU
		{6CE16CD9-C75C-4916-BB58-0E6C446A68B2}.Debug|x64.Build.0 = Debug|Any CPU
		{6CE16CD9-C75C-4916-BB58-0E6C446A68B2}.Debug|x86.ActiveCfg = Debug|Any CPU
		{6CE16CD9-C75C-4916-BB58-0E6C446A68B2}.Debug|x86.Build.0 = Debug|Any CPU
		{6CE16CD9-C75C-4916-BB58-0E6C446A68B2}.Release|Any CPU.ActiveCfg = Release|Any CPU
		{6CE16CD9-C75C-4916-BB58-0E6C446A68B2}.Release|Any CPU.Build.0 = Release|Any CPU
		{6CE16CD9-C75C-4916-BB58-0E6C446A68B2}.Release|ARM.ActiveCfg = Release|Any CPU
		{6CE16CD9-C75C-4916-BB58-0E6C446A68B2}.Release|ARM.Build.0 = Release|Any CPU
		{6CE16CD9-C75C-4916-BB58-0E6C446A68B2}.Release|iPhone.ActiveCfg = Release|Any CPU
		{6CE16CD9-C75C-4916-BB58-0E6C446A68B2}.Release|iPhone.Build.0 = Release|Any CPU
		{6CE16CD9-C75C-4916-BB58-0E6C446A68B2}.Release|iPhoneSimulator.ActiveCfg = Release|Any CPU
		{6CE16CD9-C75C-4916-BB58-0E6C446A68B2}.Release|iPhoneSimulator.Build.0 = Release|Any CPU
		{6CE16CD9-C75C-4916-BB58-0E6C446A68B2}.Release|x64.ActiveCfg = Release|Any CPU
		{6CE16CD9-C75C-4916-BB58-0E6C446A68B2}.Release|x64.Build.0 = Release|Any CPU
		{6CE16CD9-C75C-4916-BB58-0E6C446A68B2}.Release|x86.ActiveCfg = Release|Any CPU
		{6CE16CD9-C75C-4916-BB58-0E6C446A68B2}.Release|x86.Build.0 = Release|Any CPU
		{40DAE8F1-1076-4A3E-B193-5B6B2C5E0CE9}.Debug|Any CPU.ActiveCfg = Debug|Any CPU
		{40DAE8F1-1076-4A3E-B193-5B6B2C5E0CE9}.Debug|Any CPU.Build.0 = Debug|Any CPU
		{40DAE8F1-1076-4A3E-B193-5B6B2C5E0CE9}.Debug|ARM.ActiveCfg = Debug|Any CPU
		{40DAE8F1-1076-4A3E-B193-5B6B2C5E0CE9}.Debug|ARM.Build.0 = Debug|Any CPU
		{40DAE8F1-1076-4A3E-B193-5B6B2C5E0CE9}.Debug|iPhone.ActiveCfg = Debug|Any CPU
		{40DAE8F1-1076-4A3E-B193-5B6B2C5E0CE9}.Debug|iPhone.Build.0 = Debug|Any CPU
		{40DAE8F1-1076-4A3E-B193-5B6B2C5E0CE9}.Debug|iPhoneSimulator.ActiveCfg = Debug|Any CPU
		{40DAE8F1-1076-4A3E-B193-5B6B2C5E0CE9}.Debug|iPhoneSimulator.Build.0 = Debug|Any CPU
		{40DAE8F1-1076-4A3E-B193-5B6B2C5E0CE9}.Debug|x64.ActiveCfg = Debug|Any CPU
		{40DAE8F1-1076-4A3E-B193-5B6B2C5E0CE9}.Debug|x64.Build.0 = Debug|Any CPU
		{40DAE8F1-1076-4A3E-B193-5B6B2C5E0CE9}.Debug|x86.ActiveCfg = Debug|Any CPU
		{40DAE8F1-1076-4A3E-B193-5B6B2C5E0CE9}.Debug|x86.Build.0 = Debug|Any CPU
		{40DAE8F1-1076-4A3E-B193-5B6B2C5E0CE9}.Release|Any CPU.ActiveCfg = Release|Any CPU
		{40DAE8F1-1076-4A3E-B193-5B6B2C5E0CE9}.Release|Any CPU.Build.0 = Release|Any CPU
		{40DAE8F1-1076-4A3E-B193-5B6B2C5E0CE9}.Release|ARM.ActiveCfg = Release|Any CPU
		{40DAE8F1-1076-4A3E-B193-5B6B2C5E0CE9}.Release|ARM.Build.0 = Release|Any CPU
		{40DAE8F1-1076-4A3E-B193-5B6B2C5E0CE9}.Release|iPhone.ActiveCfg = Release|Any CPU
		{40DAE8F1-1076-4A3E-B193-5B6B2C5E0CE9}.Release|iPhone.Build.0 = Release|Any CPU
		{40DAE8F1-1076-4A3E-B193-5B6B2C5E0CE9}.Release|iPhoneSimulator.ActiveCfg = Release|Any CPU
		{40DAE8F1-1076-4A3E-B193-5B6B2C5E0CE9}.Release|iPhoneSimulator.Build.0 = Release|Any CPU
		{40DAE8F1-1076-4A3E-B193-5B6B2C5E0CE9}.Release|x64.ActiveCfg = Release|Any CPU
		{40DAE8F1-1076-4A3E-B193-5B6B2C5E0CE9}.Release|x64.Build.0 = Release|Any CPU
		{40DAE8F1-1076-4A3E-B193-5B6B2C5E0CE9}.Release|x86.ActiveCfg = Release|Any CPU
		{40DAE8F1-1076-4A3E-B193-5B6B2C5E0CE9}.Release|x86.Build.0 = Release|Any CPU
		{94F0C71B-7236-4708-B3E3-214AE8910B0A}.Debug|Any CPU.ActiveCfg = Debug|Any CPU
		{94F0C71B-7236-4708-B3E3-214AE8910B0A}.Debug|Any CPU.Build.0 = Debug|Any CPU
		{94F0C71B-7236-4708-B3E3-214AE8910B0A}.Debug|ARM.ActiveCfg = Debug|Any CPU
		{94F0C71B-7236-4708-B3E3-214AE8910B0A}.Debug|ARM.Build.0 = Debug|Any CPU
		{94F0C71B-7236-4708-B3E3-214AE8910B0A}.Debug|iPhone.ActiveCfg = Debug|Any CPU
		{94F0C71B-7236-4708-B3E3-214AE8910B0A}.Debug|iPhone.Build.0 = Debug|Any CPU
		{94F0C71B-7236-4708-B3E3-214AE8910B0A}.Debug|iPhoneSimulator.ActiveCfg = Debug|Any CPU
		{94F0C71B-7236-4708-B3E3-214AE8910B0A}.Debug|iPhoneSimulator.Build.0 = Debug|Any CPU
		{94F0C71B-7236-4708-B3E3-214AE8910B0A}.Debug|x64.ActiveCfg = Debug|Any CPU
		{94F0C71B-7236-4708-B3E3-214AE8910B0A}.Debug|x64.Build.0 = Debug|Any CPU
		{94F0C71B-7236-4708-B3E3-214AE8910B0A}.Debug|x86.ActiveCfg = Debug|Any CPU
		{94F0C71B-7236-4708-B3E3-214AE8910B0A}.Debug|x86.Build.0 = Debug|Any CPU
		{94F0C71B-7236-4708-B3E3-214AE8910B0A}.Release|Any CPU.ActiveCfg = Release|Any CPU
		{94F0C71B-7236-4708-B3E3-214AE8910B0A}.Release|Any CPU.Build.0 = Release|Any CPU
		{94F0C71B-7236-4708-B3E3-214AE8910B0A}.Release|ARM.ActiveCfg = Release|Any CPU
		{94F0C71B-7236-4708-B3E3-214AE8910B0A}.Release|ARM.Build.0 = Release|Any CPU
		{94F0C71B-7236-4708-B3E3-214AE8910B0A}.Release|iPhone.ActiveCfg = Release|Any CPU
		{94F0C71B-7236-4708-B3E3-214AE8910B0A}.Release|iPhone.Build.0 = Release|Any CPU
		{94F0C71B-7236-4708-B3E3-214AE8910B0A}.Release|iPhoneSimulator.ActiveCfg = Release|Any CPU
		{94F0C71B-7236-4708-B3E3-214AE8910B0A}.Release|iPhoneSimulator.Build.0 = Release|Any CPU
		{94F0C71B-7236-4708-B3E3-214AE8910B0A}.Release|x64.ActiveCfg = Release|Any CPU
		{94F0C71B-7236-4708-B3E3-214AE8910B0A}.Release|x64.Build.0 = Release|Any CPU
		{94F0C71B-7236-4708-B3E3-214AE8910B0A}.Release|x86.ActiveCfg = Release|Any CPU
		{94F0C71B-7236-4708-B3E3-214AE8910B0A}.Release|x86.Build.0 = Release|Any CPU
	EndGlobalSection
	GlobalSection(SolutionProperties) = preSolution
		HideSolutionNode = FALSE
	EndGlobalSection
	GlobalSection(ExtensibilityGlobals) = postSolution
		SolutionGuid = {96610FC1-F1BD-4A20-9971-578B9A2426FC}
	EndGlobalSection
EndGlobal
